
Microsoft Visual Studio Solution File, Format Version 12.00
# Visual Studio Version 17
VisualStudioVersion = 17.9.34723.18
MinimumVisualStudioVersion = 10.0.40219.1
Project("{F184B08F-C81C-45F6-A57F-5ABD9991F28F}") = "ETS EPC", "ETS EPC\ETS EPC.vbproj", "{06E43F34-F2F1-42F3-B2E8-66EF338AF735}"
EndProject
Project("{F184B08F-C81C-45F6-A57F-5ABD9991F28F}") = "ETS EPC Editor", "ETS EPC Editor\ETS EPC Editor.vbproj", "{BC29F77A-A58C-469F-A0BE-99ACAA6E2E6D}"
EndProject
Global
	GlobalSection(SolutionConfigurationPlatforms) = preSolution
		Debug|Any CPU = Debug|Any CPU
		Release|Any CPU = Release|Any CPU
	EndGlobalSection
	GlobalSection(ProjectConfigurationPlatforms) = postSolution
		{06E43F34-F2F1-42F3-B2E8-66EF338AF735}.Debug|Any CPU.ActiveCfg = Debug|Any CPU
		{06E43F34-F2F1-42F3-B2E8-66EF338AF735}.Debug|Any CPU.Build.0 = Debug|Any CPU
		{06E43F34-F2F1-42F3-B2E8-66EF338AF735}.Release|Any CPU.ActiveCfg = Release|Any CPU
		{06E43F34-F2F1-42F3-B2E8-66EF338AF735}.Release|Any CPU.Build.0 = Release|Any CPU
		{BC29F77A-A58C-469F-A0BE-99ACAA6E2E6D}.Debug|Any CPU.ActiveCfg = Debug|Any CPU
		{BC29F77A-A58C-469F-A0BE-99ACAA6E2E6D}.Debug|Any CPU.Build.0 = Debug|Any CPU
		{BC29F77A-A58C-469F-A0BE-99ACAA6E2E6D}.Release|Any CPU.ActiveCfg = Release|Any CPU
		{BC29F77A-A58C-469F-A0BE-99ACAA6E2E6D}.Release|Any CPU.Build.0 = Release|Any CPU
	EndGlobalSection
	GlobalSection(SolutionProperties) = preSolution
		HideSolutionNode = FALSE
	EndGlobalSection
	GlobalSection(ExtensibilityGlobals) = postSolution
		SolutionGuid = {A9F0DC55-1C40-49DA-9DA3-EFC2D2D00681}
	EndGlobalSection
EndGlobal
